
Microsoft Visual Studio Solution File, Format Version 12.00
# Visual Studio 2012
Project("{FAE04EC0-301F-11D3-BF4B-00C04F79EFBC}") = "UnitTests", "UnitTests\UnitTests.csproj", "{491F9D7F-5E9C-442E-AB49-B56CEA8E2D86}"
EndProject
Project("{FAE04EC0-301F-11D3-BF4B-00C04F79EFBC}") = "UnitTests.Tests", "UnitTests.Tests\UnitTests.Tests.csproj", "{6E966074-BB17-472A-8C21-75DD744848B0}"
EndProject
Global
	GlobalSection(SolutionConfigurationPlatforms) = preSolution
		Debug|Any CPU = Debug|Any CPU
		Release|Any CPU = Release|Any CPU
	EndGlobalSection
	GlobalSection(ProjectConfigurationPlatforms) = postSolution
		{491F9D7F-5E9C-442E-AB49-B56CEA8E2D86}.Debug|Any CPU.ActiveCfg = Debug|Any CPU
		{491F9D7F-5E9C-442E-AB49-B56CEA8E2D86}.Debug|Any CPU.Build.0 = Debug|Any CPU
		{491F9D7F-5E9C-442E-AB49-B56CEA8E2D86}.Release|Any CPU.ActiveCfg = Release|Any CPU
		{491F9D7F-5E9C-442E-AB49-B56CEA8E2D86}.Release|Any CPU.Build.0 = Release|Any CPU
		{6E966074-BB17-472A-8C21-75DD744848B0}.Debug|Any CPU.ActiveCfg = Debug|Any CPU
		{6E966074-BB17-472A-8C21-75DD744848B0}.Debug|Any CPU.Build.0 = Debug|Any CPU
		{6E966074-BB17-472A-8C21-75DD744848B0}.Release|Any CPU.ActiveCfg = Release|Any CPU
		{6E966074-BB17-472A-8C21-75DD744848B0}.Release|Any CPU.Build.0 = Release|Any CPU
	EndGlobalSection
	GlobalSection(SolutionProperties) = preSolution
		HideSolutionNode = FALSE
	EndGlobalSection
EndGlobal
